
Microsoft Visual Studio Solution File, Format Version 12.00
# Visual Studio Version 17
VisualStudioVersion = 17.5.2.0
MinimumVisualStudioVersion = 10.0.40219.1
Project("{FAE04EC0-301F-11D3-BF4B-00C04F79EFBC}") = "LetCakes", "LetCakes\LetCakes.csproj", "{D96A0C53-97F1-7724-7DF1-9E71CA7C53AF}"
EndProject
Project("{2150E333-8FDC-42A3-9474-1A3956D46DE8}") = "src", "src", "{827E0CD3-B72D-47B6-A68D-7590B98EB39B}"
EndProject
Project("{FAE04EC0-301F-11D3-BF4B-00C04F79EFBC}") = "LetCakes.Domain", "src\LetCakes.Domain\LetCakes.Domain.csproj", "{9A0116B6-E66A-42DC-9E9E-0D0CC81BF687}"
EndProject
Project("{FAE04EC0-301F-11D3-BF4B-00C04F79EFBC}") = "LetCakes.Application", "src\LetCakes.Application\LetCakes.Application.csproj", "{CCC29307-062C-433A-B427-4A6F5DBEDC94}"
EndProject
Project("{FAE04EC0-301F-11D3-BF4B-00C04F79EFBC}") = "LetCakes.Infrastructure", "src\LetCakes.Infrastructure\LetCakes.Infrastructure.csproj", "{A1DFAA33-42AE-483D-9423-4272E3AB7AC4}"
EndProject
Project("{FAE04EC0-301F-11D3-BF4B-00C04F79EFBC}") = "LetCakes.API", "src\LetCakes.API\LetCakes.API.csproj", "{3F0A3DA2-6A84-44FA-8883-3F4207F25BED}"
EndProject
Project("{2150E333-8FDC-42A3-9474-1A3956D46DE8}") = "tests", "tests", "{0AB3BF05-4346-4AA6-1389-037BE0695223}"
EndProject
Project("{FAE04EC0-301F-11D3-BF4B-00C04F79EFBC}") = "LetCakes.UnitTests", "tests\LetCakes.UnitTests\LetCakes.UnitTests.csproj", "{5224688D-2AE3-4663-8BF7-8122F8C10370}"
EndProject
Project("{FAE04EC0-301F-11D3-BF4B-00C04F79EFBC}") = "LetCakes.IntegrationTests", "tests\LetCakes.IntegrationTests\LetCakes.IntegrationTests.csproj", "{227D6C13-D817-4183-B373-FFE4B66292C7}"
EndProject
Global
	GlobalSection(SolutionConfigurationPlatforms) = preSolution
		Debug|Any CPU = Debug|Any CPU
		Debug|x64 = Debug|x64
		Debug|x86 = Debug|x86
		Release|Any CPU = Release|Any CPU
		Release|x64 = Release|x64
		Release|x86 = Release|x86
	EndGlobalSection
	GlobalSection(ProjectConfigurationPlatforms) = postSolution
		{D96A0C53-97F1-7724-7DF1-9E71CA7C53AF}.Debug|Any CPU.ActiveCfg = Debug|Any CPU
		{D96A0C53-97F1-7724-7DF1-9E71CA7C53AF}.Debug|Any CPU.Build.0 = Debug|Any CPU
		{D96A0C53-97F1-7724-7DF1-9E71CA7C53AF}.Debug|x64.ActiveCfg = Debug|Any CPU
		{D96A0C53-97F1-7724-7DF1-9E71CA7C53AF}.Debug|x64.Build.0 = Debug|Any CPU
		{D96A0C53-97F1-7724-7DF1-9E71CA7C53AF}.Debug|x86.ActiveCfg = Debug|Any CPU
		{D96A0C53-97F1-7724-7DF1-9E71CA7C53AF}.Debug|x86.Build.0 = Debug|Any CPU
		{D96A0C53-97F1-7724-7DF1-9E71CA7C53AF}.Release|Any CPU.ActiveCfg = Release|Any CPU
		{D96A0C53-97F1-7724-7DF1-9E71CA7C53AF}.Release|Any CPU.Build.0 = Release|Any CPU
		{D96A0C53-97F1-7724-7DF1-9E71CA7C53AF}.Release|x64.ActiveCfg = Release|Any CPU
		{D96A0C53-97F1-7724-7DF1-9E71CA7C53AF}.Release|x64.Build.0 = Release|Any CPU
		{D96A0C53-97F1-7724-7DF1-9E71CA7C53AF}.Release|x86.ActiveCfg = Release|Any CPU
		{D96A0C53-97F1-7724-7DF1-9E71CA7C53AF}.Release|x86.Build.0 = Release|Any CPU
		{9A0116B6-E66A-42DC-9E9E-0D0CC81BF687}.Debug|Any CPU.ActiveCfg = Debug|Any CPU
		{9A0116B6-E66A-42DC-9E9E-0D0CC81BF687}.Debug|Any CPU.Build.0 = Debug|Any CPU
		{9A0116B6-E66A-42DC-9E9E-0D0CC81BF687}.Debug|x64.ActiveCfg = Debug|Any CPU
		{9A0116B6-E66A-42DC-9E9E-0D0CC81BF687}.Debug|x64.Build.0 = Debug|Any CPU
		{9A0116B6-E66A-42DC-9E9E-0D0CC81BF687}.Debug|x86.ActiveCfg = Debug|Any CPU
		{9A0116B6-E66A-42DC-9E9E-0D0CC81BF687}.Debug|x86.Build.0 = Debug|Any CPU
		{9A0116B6-E66A-42DC-9E9E-0D0CC81BF687}.Release|Any CPU.ActiveCfg = Release|Any CPU
		{9A0116B6-E66A-42DC-9E9E-0D0CC81BF687}.Release|Any CPU.Build.0 = Release|Any CPU
		{9A0116B6-E66A-42DC-9E9E-0D0CC81BF687}.Release|x64.ActiveCfg = Release|Any CPU
		{9A0116B6-E66A-42DC-9E9E-0D0CC81BF687}.Release|x64.Build.0 = Release|Any CPU
		{9A0116B6-E66A-42DC-9E9E-0D0CC81BF687}.Release|x86.ActiveCfg = Release|Any CPU
		{9A0116B6-E66A-42DC-9E9E-0D0CC81BF687}.Release|x86.Build.0 = Release|Any CPU
		{CCC29307-062C-433A-B427-4A6F5DBEDC94}.Debug|Any CPU.ActiveCfg = Debug|Any CPU
		{CCC29307-062C-433A-B427-4A6F5DBEDC94}.Debug|Any CPU.Build.0 = Debug|Any CPU
		{CCC29307-062C-433A-B427-4A6F5DBEDC94}.Debug|x64.ActiveCfg = Debug|Any CPU
		{CCC29307-062C-433A-B427-4A6F5DBEDC94}.Debug|x64.Build.0 = Debug|Any CPU
		{CCC29307-062C-433A-B427-4A6F5DBEDC94}.Debug|x86.ActiveCfg = Debug|Any CPU
		{CCC29307-062C-433A-B427-4A6F5DBEDC94}.Debug|x86.Build.0 = Debug|Any CPU
		{CCC29307-062C-433A-B427-4A6F5DBEDC94}.Release|Any CPU.ActiveCfg = Release|Any CPU
		{CCC29307-062C-433A-B427-4A6F5DBEDC94}.Release|Any CPU.Build.0 = Release|Any CPU
		{CCC29307-062C-433A-B427-4A6F5DBEDC94}.Release|x64.ActiveCfg = Release|Any CPU
		{CCC29307-062C-433A-B427-4A6F5DBEDC94}.Release|x64.Build.0 = Release|Any CPU
		{CCC29307-062C-433A-B427-4A6F5DBEDC94}.Release|x86.ActiveCfg = Release|Any CPU
		{CCC29307-062C-433A-B427-4A6F5DBEDC94}.Release|x86.Build.0 = Release|Any CPU
		{A1DFAA33-42AE-483D-9423-4272E3AB7AC4}.Debug|Any CPU.ActiveCfg = Debug|Any CPU
		{A1DFAA33-42AE-483D-9423-4272E3AB7AC4}.Debug|Any CPU.Build.0 = Debug|Any CPU
		{A1DFAA33-42AE-483D-9423-4272E3AB7AC4}.Debug|x64.ActiveCfg = Debug|Any CPU
		{A1DFAA33-42AE-483D-9423-4272E3AB7AC4}.Debug|x64.Build.0 = Debug|Any CPU
		{A1DFAA33-42AE-483D-9423-4272E3AB7AC4}.Debug|x86.ActiveCfg = Debug|Any CPU
		{A1DFAA33-42AE-483D-9423-4272E3AB7AC4}.Debug|x86.Build.0 = Debug|Any CPU
		{A1DFAA33-42AE-483D-9423-4272E3AB7AC4}.Release|Any CPU.ActiveCfg = Release|Any CPU
		{A1DFAA33-42AE-483D-9423-4272E3AB7AC4}.Release|Any CPU.Build.0 = Release|Any CPU
		{A1DFAA33-42AE-483D-9423-4272E3AB7AC4}.Release|x64.ActiveCfg = Release|Any CPU
		{A1DFAA33-42AE-483D-9423-4272E3AB7AC4}.Release|x64.Build.0 = Release|Any CPU
		{A1DFAA33-42AE-483D-9423-4272E3AB7AC4}.Release|x86.ActiveCfg = Release|Any CPU
		{A1DFAA33-42AE-483D-9423-4272E3AB7AC4}.Release|x86.Build.0 = Release|Any CPU
		{3F0A3DA2-6A84-44FA-8883-3F4207F25BED}.Debug|Any CPU.ActiveCfg = Debug|Any CPU
		{3F0A3DA2-6A84-44FA-8883-3F4207F25BED}.Debug|Any CPU.Build.0 = Debug|Any CPU
		{3F0A3DA2-6A84-44FA-8883-3F4207F25BED}.Debug|x64.ActiveCfg = Debug|Any CPU
		{3F0A3DA2-6A84-44FA-8883-3F4207F25BED}.Debug|x64.Build.0 = Debug|Any CPU
		{3F0A3DA2-6A84-44FA-8883-3F4207F25BED}.Debug|x86.ActiveCfg = Debug|Any CPU
		{3F0A3DA2-6A84-44FA-8883-3F4207F25BED}.Debug|x86.Build.0 = Debug|Any CPU
		{3F0A3DA2-6A84-44FA-8883-3F4207F25BED}.Release|Any CPU.ActiveCfg = Release|Any CPU
		{3F0A3DA2-6A84-44FA-8883-3F4207F25BED}.Release|Any CPU.Build.0 = Release|Any CPU
		{3F0A3DA2-6A84-44FA-8883-3F4207F25BED}.Release|x64.ActiveCfg = Release|Any CPU
		{3F0A3DA2-6A84-44FA-8883-3F4207F25BED}.Release|x64.Build.0 = Release|Any CPU
		{3F0A3DA2-6A84-44FA-8883-3F4207F25BED}.Release|x86.ActiveCfg = Release|Any CPU
		{3F0A3DA2-6A84-44FA-8883-3F4207F25BED}.Release|x86.Build.0 = Release|Any CPU
		{5224688D-2AE3-4663-8BF7-8122F8C10370}.Debug|Any CPU.ActiveCfg = Debug|Any CPU
		{5224688D-2AE3-4663-8BF7-8122F8C10370}.Debug|Any CPU.Build.0 = Debug|Any CPU
		{5224688D-2AE3-4663-8BF7-8122F8C10370}.Debug|x64.ActiveCfg = Debug|Any CPU
		{5224688D-2AE3-4663-8BF7-8122F8C10370}.Debug|x64.Build.0 = Debug|Any CPU
		{5224688D-2AE3-4663-8BF7-8122F8C10370}.Debug|x86.ActiveCfg = Debug|Any CPU
		{5224688D-2AE3-4663-8BF7-8122F8C10370}.Debug|x86.Build.0 = Debug|Any CPU
		{5224688D-2AE3-4663-8BF7-8122F8C10370}.Release|Any CPU.ActiveCfg = Release|Any CPU
		{5224688D-2AE3-4663-8BF7-8122F8C10370}.Release|Any CPU.Build.0 = Release|Any CPU
		{5224688D-2AE3-4663-8BF7-8122F8C10370}.Release|x64.ActiveCfg = Release|Any CPU
		{5224688D-2AE3-4663-8BF7-8122F8C10370}.Release|x64.Build.0 = Release|Any CPU
		{5224688D-2AE3-4663-8BF7-8122F8C10370}.Release|x86.ActiveCfg = Release|Any CPU
		{5224688D-2AE3-4663-8BF7-8122F8C10370}.Release|x86.Build.0 = Release|Any CPU
		{227D6C13-D817-4183-B373-FFE4B66292C7}.Debug|Any CPU.ActiveCfg = Debug|Any CPU
		{227D6C13-D817-4183-B373-FFE4B66292C7}.Debug|Any CPU.Build.0 = Debug|Any CPU
		{227D6C13-D817-4183-B373-FFE4B66292C7}.Debug|x64.ActiveCfg = Debug|Any CPU
		{227D6C13-D817-4183-B373-FFE4B66292C7}.Debug|x64.Build.0 = Debug|Any CPU
		{227D6C13-D817-4183-B373-FFE4B66292C7}.Debug|x86.ActiveCfg = Debug|Any CPU
		{227D6C13-D817-4183-B373-FFE4B66292C7}.Debug|x86.Build.0 = Debug|Any CPU
		{227D6C13-D817-4183-B373-FFE4B66292C7}.Release|Any CPU.ActiveCfg = Release|Any CPU
		{227D6C13-D817-4183-B373-FFE4B66292C7}.Release|Any CPU.Build.0 = Release|Any CPU
		{227D6C13-D817-4183-B373-FFE4B66292C7}.Release|x64.ActiveCfg = Release|Any CPU
		{227D6C13-D817-4183-B373-FFE4B66292C7}.Release|x64.Build.0 = Release|Any CPU
		{227D6C13-D817-4183-B373-FFE4B66292C7}.Release|x86.ActiveCfg = Release|Any CPU
		{227D6C13-D817-4183-B373-FFE4B66292C7}.Release|x86.Build.0 = Release|Any CPU
	EndGlobalSection
	GlobalSection(SolutionProperties) = preSolution
		HideSolutionNode = FALSE
	EndGlobalSection
	GlobalSection(NestedProjects) = preSolution
		{9A0116B6-E66A-42DC-9E9E-0D0CC81BF687} = {827E0CD3-B72D-47B6-A68D-7590B98EB39B}
		{CCC29307-062C-433A-B427-4A6F5DBEDC94} = {827E0CD3-B72D-47B6-A68D-7590B98EB39B}
		{A1DFAA33-42AE-483D-9423-4272E3AB7AC4} = {827E0CD3-B72D-47B6-A68D-7590B98EB39B}
		{3F0A3DA2-6A84-44FA-8883-3F4207F25BED} = {827E0CD3-B72D-47B6-A68D-7590B98EB39B}
		{5224688D-2AE3-4663-8BF7-8122F8C10370} = {0AB3BF05-4346-4AA6-1389-037BE0695223}
		{227D6C13-D817-4183-B373-FFE4B66292C7} = {0AB3BF05-4346-4AA6-1389-037BE0695223}
	EndGlobalSection
	GlobalSection(ExtensibilityGlobals) = postSolution
		SolutionGuid = {EB569D4C-0656-4F44-B2C6-2573E09099FC}
	EndGlobalSection
EndGlobal
